
Microsoft Visual Studio Solution File, Format Version 12.00
# Visual Studio 14
VisualStudioVersion = 14.0.23107.0
MinimumVisualStudioVersion = 10.0.40219.1
Project("{FAE04EC0-301F-11D3-BF4B-00C04F79EFBC}") = "Fundamentals", "Fundamentals\Fundamentals.csproj", "{AFF53E29-CDBC-4DF9-BB11-D60960E88E84}"
EndProject
Project("{FAE04EC0-301F-11D3-BF4B-00C04F79EFBC}") = "PrimitiveTypes", "PrimitiveTypes\PrimitiveTypes.csproj", "{DDE46E34-7F3A-482B-8742-ECBF481A6B7A}"
EndProject
Project("{FAE04EC0-301F-11D3-BF4B-00C04F79EFBC}") = "Classes", "Classes\Classes.csproj", "{271D8481-FC4E-4866-9F70-1D22FE58A6E7}"
EndProject
Project("{FAE04EC0-301F-11D3-BF4B-00C04F79EFBC}") = "AccessModifiers", "AccessModifiers\AccessModifiers.csproj", "{790980EA-D09F-4B92-9269-4EB57C01FCB9}"
EndProject
Project("{FAE04EC0-301F-11D3-BF4B-00C04F79EFBC}") = "ValueTypes", "ValueTypes\ValueTypes.csproj", "{4CA0BF8B-BCA6-4662-AEE0-22056A9B8D90}"
EndProject
Project("{FAE04EC0-301F-11D3-BF4B-00C04F79EFBC}") = "Parameters", "Parameters\Parameters.csproj", "{EE5F09CE-2447-451C-B40B-D556B3B6C8F6}"
EndProject
Project("{FAE04EC0-301F-11D3-BF4B-00C04F79EFBC}") = "String", "String\String.csproj", "{5D199A9A-F9F6-4BF4-A12E-2F0D587BB90C}"
EndProject
Project("{FAE04EC0-301F-11D3-BF4B-00C04F79EFBC}") = "Boxing", "Boxing\Boxing.csproj", "{FD2ACA65-42C1-4482-800D-2D92465E686A}"
EndProject
Project("{FAE04EC0-301F-11D3-BF4B-00C04F79EFBC}") = "Enum", "Enum\Enum.csproj", "{6844668A-EA5B-43C2-BF02-59083A9387EB}"
EndProject
Project("{2150E333-8FDC-42A3-9474-1A3956D46DE8}") = "Interfaces", "Interfaces", "{67F0E504-132C-4D9C-B87F-847608D3A10D}"
EndProject
Project("{FAE04EC0-301F-11D3-BF4B-00C04F79EFBC}") = "Interfaces", "Interfaces\Interfaces.csproj", "{957292D0-E7BA-48E1-8B3C-0ADF4204B311}"
EndProject
Project("{FAE04EC0-301F-11D3-BF4B-00C04F79EFBC}") = "InterfacesTest", "InterfacesTest\InterfacesTest.csproj", "{1407733D-90B0-4369-A61F-60B29EB2E572}"
EndProject
Project("{FAE04EC0-301F-11D3-BF4B-00C04F79EFBC}") = "Arrays", "Arrays\Arrays.csproj", "{A3217691-87AC-48B6-9090-8F00F36372E0}"
EndProject
Project("{FAE04EC0-301F-11D3-BF4B-00C04F79EFBC}") = "Methods", "Methods\Methods.csproj", "{1CEC0D51-9F01-4406-808E-60C062E06A62}"
EndProject
Project("{FAE04EC0-301F-11D3-BF4B-00C04F79EFBC}") = "Loops", "Loops\Loops.csproj", "{FDF684D9-39EF-4005-B52A-8FAEBB3D9837}"
EndProject
Project("{FAE04EC0-301F-11D3-BF4B-00C04F79EFBC}") = "Exceptions", "Exceptions\Exceptions.csproj", "{8357FE7A-6218-4CFA-9611-BDF81A9F0603}"
EndProject
Project("{FAE04EC0-301F-11D3-BF4B-00C04F79EFBC}") = "GarbageCollection", "GarbageCollection\GarbageCollection.csproj", "{FF8C0CF3-207F-4081-BF12-DA99E7A793AD}"
EndProject
Project("{FAE04EC0-301F-11D3-BF4B-00C04F79EFBC}") = "Threads", "Threads\Threads.csproj", "{7A6CD7BB-1072-4004-B114-D5C654CE96C9}"
EndProject
Project("{FAE04EC0-301F-11D3-BF4B-00C04F79EFBC}") = "Reflection", "Reflection\Reflection.csproj", "{1FCC5526-9F86-473A-ADA9-BF2DA4AF66CA}"
EndProject
Project("{FAE04EC0-301F-11D3-BF4B-00C04F79EFBC}") = "COM Interop", "COM Interop\COM Interop.csproj", "{0183E205-5312-44F6-A070-37AF3B6C8917}"
EndProject
Project("{FAE04EC0-301F-11D3-BF4B-00C04F79EFBC}") = "Generics", "Generics\Generics.csproj", "{27E2B68B-EB37-4159-84E5-54EF12A592CF}"
EndProject
Project("{FAE04EC0-301F-11D3-BF4B-00C04F79EFBC}") = "Operators", "Operators\Operators.csproj", "{9EED836F-554D-4852-B367-B7E871E3FFE7}"
EndProject
Global
	GlobalSection(SolutionConfigurationPlatforms) = preSolution
		Debug|Any CPU = Debug|Any CPU
		Release|Any CPU = Release|Any CPU
	EndGlobalSection
	GlobalSection(ProjectConfigurationPlatforms) = postSolution
		{AFF53E29-CDBC-4DF9-BB11-D60960E88E84}.Debug|Any CPU.ActiveCfg = Debug|Any CPU
		{AFF53E29-CDBC-4DF9-BB11-D60960E88E84}.Debug|Any CPU.Build.0 = Debug|Any CPU
		{AFF53E29-CDBC-4DF9-BB11-D60960E88E84}.Release|Any CPU.ActiveCfg = Release|Any CPU
		{AFF53E29-CDBC-4DF9-BB11-D60960E88E84}.Release|Any CPU.Build.0 = Release|Any CPU
		{DDE46E34-7F3A-482B-8742-ECBF481A6B7A}.Debug|Any CPU.ActiveCfg = Debug|Any CPU
		{DDE46E34-7F3A-482B-8742-ECBF481A6B7A}.Debug|Any CPU.Build.0 = Debug|Any CPU
		{DDE46E34-7F3A-482B-8742-ECBF481A6B7A}.Release|Any CPU.ActiveCfg = Release|Any CPU
		{DDE46E34-7F3A-482B-8742-ECBF481A6B7A}.Release|Any CPU.Build.0 = Release|Any CPU
		{271D8481-FC4E-4866-9F70-1D22FE58A6E7}.Debug|Any CPU.ActiveCfg = Debug|Any CPU
		{271D8481-FC4E-4866-9F70-1D22FE58A6E7}.Debug|Any CPU.Build.0 = Debug|Any CPU
		{271D8481-FC4E-4866-9F70-1D22FE58A6E7}.Release|Any CPU.ActiveCfg = Release|Any CPU
		{271D8481-FC4E-4866-9F70-1D22FE58A6E7}.Release|Any CPU.Build.0 = Release|Any CPU
		{790980EA-D09F-4B92-9269-4EB57C01FCB9}.Debug|Any CPU.ActiveCfg = Debug|Any CPU
		{790980EA-D09F-4B92-9269-4EB57C01FCB9}.Debug|Any CPU.Build.0 = Debug|Any CPU
		{790980EA-D09F-4B92-9269-4EB57C01FCB9}.Release|Any CPU.ActiveCfg = Release|Any CPU
		{790980EA-D09F-4B92-9269-4EB57C01FCB9}.Release|Any CPU.Build.0 = Release|Any CPU
		{4CA0BF8B-BCA6-4662-AEE0-22056A9B8D90}.Debug|Any CPU.ActiveCfg = Debug|Any CPU
		{4CA0BF8B-BCA6-4662-AEE0-22056A9B8D90}.Debug|Any CPU.Build.0 = Debug|Any CPU
		{4CA0BF8B-BCA6-4662-AEE0-22056A9B8D90}.Release|Any CPU.ActiveCfg = Release|Any CPU
		{4CA0BF8B-BCA6-4662-AEE0-22056A9B8D90}.Release|Any CPU.Build.0 = Release|Any CPU
		{EE5F09CE-2447-451C-B40B-D556B3B6C8F6}.Debug|Any CPU.ActiveCfg = Debug|Any CPU
		{EE5F09CE-2447-451C-B40B-D556B3B6C8F6}.Debug|Any CPU.Build.0 = Debug|Any CPU
		{EE5F09CE-2447-451C-B40B-D556B3B6C8F6}.Release|Any CPU.ActiveCfg = Release|Any CPU
		{EE5F09CE-2447-451C-B40B-D556B3B6C8F6}.Release|Any CPU.Build.0 = Release|Any CPU
		{5D199A9A-F9F6-4BF4-A12E-2F0D587BB90C}.Debug|Any CPU.ActiveCfg = Debug|Any CPU
		{5D199A9A-F9F6-4BF4-A12E-2F0D587BB90C}.Debug|Any CPU.Build.0 = Debug|Any CPU
		{5D199A9A-F9F6-4BF4-A12E-2F0D587BB90C}.Release|Any CPU.ActiveCfg = Release|Any CPU
		{5D199A9A-F9F6-4BF4-A12E-2F0D587BB90C}.Release|Any CPU.Build.0 = Release|Any CPU
		{FD2ACA65-42C1-4482-800D-2D92465E686A}.Debug|Any CPU.ActiveCfg = Debug|Any CPU
		{FD2ACA65-42C1-4482-800D-2D92465E686A}.Debug|Any CPU.Build.0 = Debug|Any CPU
		{FD2ACA65-42C1-4482-800D-2D92465E686A}.Release|Any CPU.ActiveCfg = Release|Any CPU
		{FD2ACA65-42C1-4482-800D-2D92465E686A}.Release|Any CPU.Build.0 = Release|Any CPU
		{6844668A-EA5B-43C2-BF02-59083A9387EB}.Debug|Any CPU.ActiveCfg = Debug|Any CPU
		{6844668A-EA5B-43C2-BF02-59083A9387EB}.Debug|Any CPU.Build.0 = Debug|Any CPU
		{6844668A-EA5B-43C2-BF02-59083A9387EB}.Release|Any CPU.ActiveCfg = Release|Any CPU
		{6844668A-EA5B-43C2-BF02-59083A9387EB}.Release|Any CPU.Build.0 = Release|Any CPU
		{957292D0-E7BA-48E1-8B3C-0ADF4204B311}.Debug|Any CPU.ActiveCfg = Debug|Any CPU
		{957292D0-E7BA-48E1-8B3C-0ADF4204B311}.Debug|Any CPU.Build.0 = Debug|Any CPU
		{957292D0-E7BA-48E1-8B3C-0ADF4204B311}.Release|Any CPU.ActiveCfg = Release|Any CPU
		{957292D0-E7BA-48E1-8B3C-0ADF4204B311}.Release|Any CPU.Build.0 = Release|Any CPU
		{1407733D-90B0-4369-A61F-60B29EB2E572}.Debug|Any CPU.ActiveCfg = Debug|Any CPU
		{1407733D-90B0-4369-A61F-60B29EB2E572}.Debug|Any CPU.Build.0 = Debug|Any CPU
		{1407733D-90B0-4369-A61F-60B29EB2E572}.Release|Any CPU.ActiveCfg = Release|Any CPU
		{1407733D-90B0-4369-A61F-60B29EB2E572}.Release|Any CPU.Build.0 = Release|Any CPU
		{A3217691-87AC-48B6-9090-8F00F36372E0}.Debug|Any CPU.ActiveCfg = Debug|Any CPU
		{A3217691-87AC-48B6-9090-8F00F36372E0}.Debug|Any CPU.Build.0 = Debug|Any CPU
		{A3217691-87AC-48B6-9090-8F00F36372E0}.Release|Any CPU.ActiveCfg = Release|Any CPU
		{A3217691-87AC-48B6-9090-8F00F36372E0}.Release|Any CPU.Build.0 = Release|Any CPU
		{1CEC0D51-9F01-4406-808E-60C062E06A62}.Debug|Any CPU.ActiveCfg = Debug|Any CPU
		{1CEC0D51-9F01-4406-808E-60C062E06A62}.Debug|Any CPU.Build.0 = Debug|Any CPU
		{1CEC0D51-9F01-4406-808E-60C062E06A62}.Release|Any CPU.ActiveCfg = Release|Any CPU
		{1CEC0D51-9F01-4406-808E-60C062E06A62}.Release|Any CPU.Build.0 = Release|Any CPU
		{FDF684D9-39EF-4005-B52A-8FAEBB3D9837}.Debug|Any CPU.ActiveCfg = Debug|Any CPU
		{FDF684D9-39EF-4005-B52A-8FAEBB3D9837}.Debug|Any CPU.Build.0 = Debug|Any CPU
		{FDF684D9-39EF-4005-B52A-8FAEBB3D9837}.Release|Any CPU.ActiveCfg = Release|Any CPU
		{FDF684D9-39EF-4005-B52A-8FAEBB3D9837}.Release|Any CPU.Build.0 = Release|Any CPU
		{8357FE7A-6218-4CFA-9611-BDF81A9F0603}.Debug|Any CPU.ActiveCfg = Debug|Any CPU
		{8357FE7A-6218-4CFA-9611-BDF81A9F0603}.Debug|Any CPU.Build.0 = Debug|Any CPU
		{8357FE7A-6218-4CFA-9611-BDF81A9F0603}.Release|Any CPU.ActiveCfg = Release|Any CPU
		{8357FE7A-6218-4CFA-9611-BDF81A9F0603}.Release|Any CPU.Build.0 = Release|Any CPU
		{FF8C0CF3-207F-4081-BF12-DA99E7A793AD}.Debug|Any CPU.ActiveCfg = Debug|Any CPU
		{FF8C0CF3-207F-4081-BF12-DA99E7A793AD}.Debug|Any CPU.Build.0 = Debug|Any CPU
		{FF8C0CF3-207F-4081-BF12-DA99E7A793AD}.Release|Any CPU.ActiveCfg = Release|Any CPU
		{FF8C0CF3-207F-4081-BF12-DA99E7A793AD}.Release|Any CPU.Build.0 = Release|Any CPU
		{7A6CD7BB-1072-4004-B114-D5C654CE96C9}.Debug|Any CPU.ActiveCfg = Debug|Any CPU
		{7A6CD7BB-1072-4004-B114-D5C654CE96C9}.Debug|Any CPU.Build.0 = Debug|Any CPU
		{7A6CD7BB-1072-4004-B114-D5C654CE96C9}.Release|Any CPU.ActiveCfg = Release|Any CPU
		{7A6CD7BB-1072-4004-B114-D5C654CE96C9}.Release|Any CPU.Build.0 = Release|Any CPU
		{1FCC5526-9F86-473A-ADA9-BF2DA4AF66CA}.Debug|Any CPU.ActiveCfg = Debug|Any CPU
		{1FCC5526-9F86-473A-ADA9-BF2DA4AF66CA}.Debug|Any CPU.Build.0 = Debug|Any CPU
		{1FCC5526-9F86-473A-ADA9-BF2DA4AF66CA}.Release|Any CPU.ActiveCfg = Release|Any CPU
		{1FCC5526-9F86-473A-ADA9-BF2DA4AF66CA}.Release|Any CPU.Build.0 = Release|Any CPU
		{0183E205-5312-44F6-A070-37AF3B6C8917}.Debug|Any CPU.ActiveCfg = Debug|Any CPU
		{0183E205-5312-44F6-A070-37AF3B6C8917}.Debug|Any CPU.Build.0 = Debug|Any CPU
		{0183E205-5312-44F6-A070-37AF3B6C8917}.Release|Any CPU.ActiveCfg = Release|Any CPU
		{0183E205-5312-44F6-A070-37AF3B6C8917}.Release|Any CPU.Build.0 = Release|Any CPU
		{27E2B68B-EB37-4159-84E5-54EF12A592CF}.Debug|Any CPU.ActiveCfg = Debug|Any CPU
		{27E2B68B-EB37-4159-84E5-54EF12A592CF}.Debug|Any CPU.Build.0 = Debug|Any CPU
		{27E2B68B-EB37-4159-84E5-54EF12A592CF}.Release|Any CPU.ActiveCfg = Release|Any CPU
		{27E2B68B-EB37-4159-84E5-54EF12A592CF}.Release|Any CPU.Build.0 = Release|Any CPU
		{9EED836F-554D-4852-B367-B7E871E3FFE7}.Debug|Any CPU.ActiveCfg = Debug|Any CPU
		{9EED836F-554D-4852-B367-B7E871E3FFE7}.Debug|Any CPU.Build.0 = Debug|Any CPU
		{9EED836F-554D-4852-B367-B7E871E3FFE7}.Release|Any CPU.ActiveCfg = Release|Any CPU
		{9EED836F-554D-4852-B367-B7E871E3FFE7}.Release|Any CPU.Build.0 = Release|Any CPU
	EndGlobalSection
	GlobalSection(SolutionProperties) = preSolution
		HideSolutionNode = FALSE
	EndGlobalSection
	GlobalSection(NestedProjects) = preSolution
		{957292D0-E7BA-48E1-8B3C-0ADF4204B311} = {67F0E504-132C-4D9C-B87F-847608D3A10D}
		{1407733D-90B0-4369-A61F-60B29EB2E572} = {67F0E504-132C-4D9C-B87F-847608D3A10D}
	EndGlobalSection
EndGlobal
